// !$*UTF8*$!
{
	archiveVersion = 1;
	classes = {
	};
	objectVersion = 56;
	objects = {

/* Begin PBXBuildFile section */
		0225CCC3B437D6F9864CF259 /* MBLINKApp.swift in Sources */ = {isa = PBXBuildFile; fileRef = C38A74E05685528DF94F3FED /* MBLINKApp.swift */; };
		D780005DFC91027166F8FFD4 /* ContentView.swift in Sources */ = {isa = PBXBuildFile; fileRef = 275013AA0724C0CE2E9F7B87 /* ContentView.swift */; };
		66B05F8E65443E6407074F75 /* ConnectionViewModel.swift in Sources */ = {isa = PBXBuildFile; fileRef = 9026C4BA44795B23ABC260F9 /* ConnectionViewModel.swift */; };
		C8E3DBC6EDB9C2C65A738DF5 /* BLETransport.m in Sources */ = {isa = PBXBuildFile; fileRef = BC3EA22A6C914BF98DE5FC4E /* BLETransport.m */; };
		42DBCBEE84FEC92D06F02262 /* Diagnostics.m in Sources */ = {isa = PBXBuildFile; fileRef = 82715A34A1DA0E87C553301D /* Diagnostics.m */; };
		8A0FD079A23C3A8155E827F5 /* mblink.c in Sources */ = {isa = PBXBuildFile; fileRef = 9B110E710D124AB4D19370DA /* mblink.c */; };
		E0A1B2C3D4E5F60718293B01 /* scheduler.c in Sources */ = {isa = PBXBuildFile; fileRef = F0A1B2C3D4E5F60718293A01 /* scheduler.c */; };
		E0A1B2C3D4E5F60718293B02 /* telemetry_store.c in Sources */ = {isa = PBXBuildFile; fileRef = F0A1B2C3D4E5F60718293A02 /* telemetry_store.c */; };
		E0A1B2C3D4E5F60718293B03 /* telemetry_csv.c in Sources */ = {isa = PBXBuildFile; fileRef = F0A1B2C3D4E5F60718293A03 /* telemetry_csv.c */; };
		E0A1B2C3D4E5F60718293B04 /* isotp.c in Sources */ = {isa = PBXBuildFile; fileRef = F0A1B2C3D4E5F60718293A04 /* isotp.c */; };
		E0A1B2C3D4E5F60718293B05 /* uds.c in Sources */ = {isa = PBXBuildFile; fileRef = F0A1B2C3D4E5F60718293A05 /* uds.c */; };
		E0A1B2C3D4E5F60718293B06 /* mercedes.c in Sources */ = {isa = PBXBuildFile; fileRef = F0A1B2C3D4E5F60718293A06 /* mercedes.c */; };
		E0A1B2C3D4E5F60718293B07 /* parameter.c in Sources */ = {isa = PBXBuildFile; fileRef = F0A1B2C3D4E5F60718293A07 /* parameter.c */; };
		E0A1B2C3D4E5F60718293B09 /* elm327_can.c in Sources */ = {isa = PBXBuildFile; fileRef = F0A1B2C3D4E5F60718293A09 /* elm327_can.c */; };
		E0A1B2C3D4E5F60718293B0B /* mercedes_probe.c in Sources */ = {isa = PBXBuildFile; fileRef = F0A1B2C3D4E5F60718293A0B /* mercedes_probe.c */; };
		06422F9F26875EF894020FA5 /* elm327.c in Sources */ = {isa = PBXBuildFile; fileRef = F11F17B4723669FC1AF042DF /* elm327.c */; };
		9FC2D25D1FC0CFB4D57458CB /* session.c in Sources */ = {isa = PBXBuildFile; fileRef = A4A92AE396A1586C99D8BB56 /* session.c */; };
		C3A42E37825A806839C66F16 /* probe.c in Sources */ = {isa = PBXBuildFile; fileRef = 41A80A01E9B823433E288953 /* probe.c */; };
		B47CA2DF83F1AF99C4CFF1EC /* obd2.c in Sources */ = {isa = PBXBuildFile; fileRef = DCDEF808C26455A6B72E4784 /* obd2.c */; };
		74A786C37C0C4EB491E0D625 /* CoreBluetooth.framework in Frameworks */ = {isa = PBXBuildFile; fileRef = 4C1F571CC485203162805ADE /* CoreBluetooth.framework */; };
		B5652B9E233A8F3CD1A091F6 /* libMBLINKCore.a in Frameworks */ = {isa = PBXBuildFile; fileRef = D069509556BFAFFC25586CC3 /* libMBLINKCore.a */; };
		C0A110000000000000000001 /* libInfiltratrCommonPortable.a in Frameworks */ = {isa = PBXBuildFile; fileRef = C0A110000000000000000005 /* libInfiltratrCommonPortable.a */; };
		A1B2C3D4E5F60718293C0001 /* Assets.xcassets in Resources */ = {isa = PBXBuildFile; fileRef = A1B2C3D4E5F60718293C0002 /* Assets.xcassets */; };
/* End PBXBuildFile section */

/* Begin PBXContainerItemProxy section */
		D799BAE6088A90139B415FCC /* PBXContainerItemProxy */ = {
			isa = PBXContainerItemProxy;
			containerPortal = 98F54143AB4E86B28C3AFEE0 /* Project object */;
			proxyType = 1;
			remoteGlobalIDString = 744DBEE4E0A69DC936004899;
			remoteInfo = MBLINKCore;
		};
		C0A110000000000000000002 /* PBXContainerItemProxy */ = {
			isa = PBXContainerItemProxy;
			containerPortal = C0A110000000000000000004 /* InfiltratrCommon.xcodeproj */;
			proxyType = 2;
			remoteGlobalIDString = A10000000000000000000026;
			remoteInfo = InfiltratrCommonPortable;
		};
		C0A110000000000000000003 /* PBXContainerItemProxy */ = {
			isa = PBXContainerItemProxy;
			containerPortal = C0A110000000000000000004 /* InfiltratrCommon.xcodeproj */;
			proxyType = 1;
			remoteGlobalIDString = A10000000000000000000001;
			remoteInfo = InfiltratrCommonPortable;
		};
/* End PBXContainerItemProxy section */

/* Begin PBXFileReference section */
		C38A74E05685528DF94F3FED /* MBLINKApp.swift */ = {isa = PBXFileReference; lastKnownFileType = sourcecode.swift; name = "MBLINKApp.swift"; path = "MBLINK/MBLINKApp.swift"; sourceTree = SOURCE_ROOT; };
		275013AA0724C0CE2E9F7B87 /* ContentView.swift */ = {isa = PBXFileReference; lastKnownFileType = sourcecode.swift; name = "ContentView.swift"; path = "MBLINK/ContentView.swift"; sourceTree = SOURCE_ROOT; };
		9026C4BA44795B23ABC260F9 /* ConnectionViewModel.swift */ = {isa = PBXFileReference; lastKnownFileType = sourcecode.swift; name = "ConnectionViewModel.swift"; path = "MBLINK/ConnectionViewModel.swift"; sourceTree = SOURCE_ROOT; };
		152DBA6BC3FE7288A1725A47 /* Bridging */ = {isa = PBXFileReference; lastKnownFileType = sourcecode.c.h; name = "MBLINK-Bridging-Header.h"; path = "MBLINK/MBLINK-Bridging-Header.h"; sourceTree = SOURCE_ROOT; };
		89138232D47027A270684020 /* BLETransport.h */ = {isa = PBXFileReference; lastKnownFileType = sourcecode.c.h; name = "MBLinkBLETransport.h"; path = "../../platform/apple/MBLinkBLETransport.h"; sourceTree = SOURCE_ROOT; };
		10A6BF01640F09B29BEA8B24 /* BLETransportPrivate.h */ = {isa = PBXFileReference; lastKnownFileType = sourcecode.c.h; name = "MBLinkBLETransport+MBLINK.h"; path = "../../platform/apple/MBLinkBLETransport+MBLINK.h"; sourceTree = SOURCE_ROOT; };
		BC3EA22A6C914BF98DE5FC4E /* BLETransport.m */ = {isa = PBXFileReference; lastKnownFileType = sourcecode.c.objc; name = "MBLinkBLETransport.m"; path = "../../platform/apple/MBLinkBLETransport.m"; sourceTree = SOURCE_ROOT; };
		CEDB09A7C0E1C3ECC71DFC2E /* Diagnostics.h */ = {isa = PBXFileReference; lastKnownFileType = sourcecode.c.h; name = "MBLinkDiagnosticsController.h"; path = "../../platform/apple/MBLinkDiagnosticsController.h"; sourceTree = SOURCE_ROOT; };
		82715A34A1DA0E87C553301D /* Diagnostics.m */ = {isa = PBXFileReference; lastKnownFileType = sourcecode.c.objc; name = "MBLinkDiagnosticsController.m"; path = "../../platform/apple/MBLinkDiagnosticsController.m"; sourceTree = SOURCE_ROOT; };
		9B110E710D124AB4D19370DA /* mblink.c */ = {isa = PBXFileReference; lastKnownFileType = sourcecode.c.c; name = "mblink.c"; path = "../../src/core/mblink.c"; sourceTree = SOURCE_ROOT; };
		F0A1B2C3D4E5F60718293A01 /* scheduler.c */ = {isa = PBXFileReference; lastKnownFileType = sourcecode.c.c; name = "scheduler.c"; path = "../../src/core/scheduler.c"; sourceTree = SOURCE_ROOT; };
		F0A1B2C3D4E5F60718293A02 /* telemetry_store.c */ = {isa = PBXFileReference; lastKnownFileType = sourcecode.c.c; name = "telemetry_store.c"; path = "../../src/core/telemetry_store.c"; sourceTree = SOURCE_ROOT; };
		F0A1B2C3D4E5F60718293A03 /* telemetry_csv.c */ = {isa = PBXFileReference; lastKnownFileType = sourcecode.c.c; name = "telemetry_csv.c"; path = "../../src/core/telemetry_csv.c"; sourceTree = SOURCE_ROOT; };
		F0A1B2C3D4E5F60718293A04 /* isotp.c */ = {isa = PBXFileReference; lastKnownFileType = sourcecode.c.c; name = "isotp.c"; path = "../../src/core/isotp.c"; sourceTree = SOURCE_ROOT; };
		F0A1B2C3D4E5F60718293A05 /* uds.c */ = {isa = PBXFileReference; lastKnownFileType = sourcecode.c.c; name = "uds.c"; path = "../../src/uds/uds.c"; sourceTree = SOURCE_ROOT; };
		F0A1B2C3D4E5F60718293A06 /* mercedes.c */ = {isa = PBXFileReference; lastKnownFileType = sourcecode.c.c; name = "mercedes.c"; path = "../../src/mercedes/mercedes.c"; sourceTree = SOURCE_ROOT; };
		F0A1B2C3D4E5F60718293A07 /* parameter.c */ = {isa = PBXFileReference; lastKnownFileType = sourcecode.c.c; name = "parameter.c"; path = "../../src/core/parameter.c"; sourceTree = SOURCE_ROOT; };
		F0A1B2C3D4E5F60718293A09 /* elm327_can.c */ = {isa = PBXFileReference; lastKnownFileType = sourcecode.c.c; name = "elm327_can.c"; path = "../../src/elm327/can.c"; sourceTree = SOURCE_ROOT; };
		F0A1B2C3D4E5F60718293A0B /* mercedes_probe.c */ = {isa = PBXFileReference; lastKnownFileType = sourcecode.c.c; name = "mercedes_probe.c"; path = "../../src/mercedes/probe.c"; sourceTree = SOURCE_ROOT; };
		F11F17B4723669FC1AF042DF /* elm327.c */ = {isa = PBXFileReference; lastKnownFileType = sourcecode.c.c; name = "elm327.c"; path = "../../src/elm327/elm327.c"; sourceTree = SOURCE_ROOT; };
		A4A92AE396A1586C99D8BB56 /* session.c */ = {isa = PBXFileReference; lastKnownFileType = sourcecode.c.c; name = "session.c"; path = "../../src/elm327/session.c"; sourceTree = SOURCE_ROOT; };
		41A80A01E9B823433E288953 /* probe.c */ = {isa = PBXFileReference; lastKnownFileType = sourcecode.c.c; name = "probe.c"; path = "../../src/elm327/probe.c"; sourceTree = SOURCE_ROOT; };
		DCDEF808C26455A6B72E4784 /* obd2.c */ = {isa = PBXFileReference; lastKnownFileType = sourcecode.c.c; name = "obd2.c"; path = "../../src/obd2/obd2.c"; sourceTree = SOURCE_ROOT; };
		C0A110000000000000000004 /* InfiltratrCommon.xcodeproj */ = {isa = PBXFileReference; lastKnownFileType = "wrapper.pb-project"; name = InfiltratrCommon.xcodeproj; path = "../../src/infiltratr-common/apple/InfiltratrCommon.xcodeproj"; sourceTree = SOURCE_ROOT; };
		8BCD5BC4CDFDF0918087C782 /* MBLINK.app */ = {isa = PBXFileReference; explicitFileType = wrapper.application; includeInIndex = 0; path = MBLINK.app; sourceTree = BUILT_PRODUCTS_DIR; };
		D069509556BFAFFC25586CC3 /* libMBLINKCore.a */ = {isa = PBXFileReference; explicitFileType = archive.ar; includeInIndex = 0; path = libMBLINKCore.a; sourceTree = BUILT_PRODUCTS_DIR; };
		4C1F571CC485203162805ADE /* CoreBluetooth.framework */ = {isa = PBXFileReference; lastKnownFileType = wrapper.framework; name = CoreBluetooth.framework; path = System/Library/Frameworks/CoreBluetooth.framework; sourceTree = SDKROOT; };
		A1B2C3D4E5F60718293C0002 /* Assets.xcassets */ = {isa = PBXFileReference; lastKnownFileType = folder.assetcatalog; name = "Assets.xcassets"; path = "MBLINK/Assets.xcassets"; sourceTree = SOURCE_ROOT; };
/* End PBXFileReference section */

/* Begin PBXFrameworksBuildPhase section */
		78AE8C6BEB2A40A6D824CCEE /* Frameworks */ = {
			isa = PBXFrameworksBuildPhase;
			buildActionMask = 2147483647;
			files = (
				74A786C37C0C4EB491E0D625 /* CoreBluetooth.framework in Frameworks */,
				B5652B9E233A8F3CD1A091F6 /* libMBLINKCore.a in Frameworks */,
			);
			runOnlyForDeploymentPostprocessing = 0;
		};
		D4C0AF2E5997990815A7D5A1 /* Frameworks */ = {
			isa = PBXFrameworksBuildPhase;
			buildActionMask = 2147483647;
			files = (
				C0A110000000000000000001 /* libInfiltratrCommonPortable.a in Frameworks */,
			);
			runOnlyForDeploymentPostprocessing = 0;
		};
/* End PBXFrameworksBuildPhase section */

/* Begin PBXGroup section */
		E50290A24C49A459B43487C5 = {
			isa = PBXGroup;
			children = (
				69F8D45498D7E20DA99BB780 /* App */,
				5DF70ECF24283B4E1F583432 /* Apple Platform */,
				82C062CB28C8FF6C54323B56 /* Portable Core */,
				BEDB112081DBA7F70010E771 /* Infiltratr Common */,
				AB5D76948E8B8022B6DC48C4 /* Frameworks */,
				328EC33DF3954DC9B83FA285 /* Products */,
			);
			sourceTree = "<group>";
		};
		69F8D45498D7E20DA99BB780 /* App */ = {
			isa = PBXGroup;
			children = (
				C38A74E05685528DF94F3FED /* MBLINKApp.swift */,
				275013AA0724C0CE2E9F7B87 /* ContentView.swift */,
				9026C4BA44795B23ABC260F9 /* ConnectionViewModel.swift */,
				152DBA6BC3FE7288A1725A47 /* MBLINK-Bridging-Header.h */,
				A1B2C3D4E5F60718293C0002 /* Assets.xcassets */,
			);
			name = App;
			sourceTree = "<group>";
		};
		5DF70ECF24283B4E1F583432 /* Apple Platform */ = {
			isa = PBXGroup;
			children = (
				89138232D47027A270684020 /* MBLinkBLETransport.h */,
				10A6BF01640F09B29BEA8B24 /* MBLinkBLETransport+MBLINK.h */,
				BC3EA22A6C914BF98DE5FC4E /* MBLinkBLETransport.m */,
				CEDB09A7C0E1C3ECC71DFC2E /* MBLinkDiagnosticsController.h */,
				82715A34A1DA0E87C553301D /* MBLinkDiagnosticsController.m */,
			);
			name = "Apple Platform";
			sourceTree = "<group>";
		};
		82C062CB28C8FF6C54323B56 /* Portable Core */ = {
			isa = PBXGroup;
			children = (
				9B110E710D124AB4D19370DA /* mblink.c */,
				F0A1B2C3D4E5F60718293A07 /* parameter.c */,
				F0A1B2C3D4E5F60718293A01 /* scheduler.c */,
				F0A1B2C3D4E5F60718293A02 /* telemetry_store.c */,
				F0A1B2C3D4E5F60718293A03 /* telemetry_csv.c */,
				F0A1B2C3D4E5F60718293A04 /* isotp.c */,
				F0A1B2C3D4E5F60718293A05 /* uds.c */,
				F0A1B2C3D4E5F60718293A06 /* mercedes.c */,
				F0A1B2C3D4E5F60718293A0B /* mercedes_probe.c */,
				F11F17B4723669FC1AF042DF /* elm327.c */,
				F0A1B2C3D4E5F60718293A09 /* elm327_can.c */,
				A4A92AE396A1586C99D8BB56 /* session.c */,
				41A80A01E9B823433E288953 /* probe.c */,
				DCDEF808C26455A6B72E4784 /* obd2.c */,
			);
			name = "Portable Core";
			sourceTree = "<group>";
		};
		BEDB112081DBA7F70010E771 /* Infiltratr Common */ = {
			isa = PBXGroup;
			children = (
				C0A110000000000000000004 /* InfiltratrCommon.xcodeproj */,
			);
			name = "Infiltratr Common";
			sourceTree = "<group>";
		};
		C0A110000000000000000006 /* Products */ = {
			isa = PBXGroup;
			children = (
				C0A110000000000000000005 /* libInfiltratrCommonPortable.a */,
			);
			name = Products;
			sourceTree = "<group>";
		};
		AB5D76948E8B8022B6DC48C4 /* Frameworks */ = {
			isa = PBXGroup;
			children = (
				4C1F571CC485203162805ADE /* CoreBluetooth.framework */,
			);
			name = Frameworks;
			sourceTree = "<group>";
		};
		328EC33DF3954DC9B83FA285 /* Products */ = {
			isa = PBXGroup;
			children = (
				8BCD5BC4CDFDF0918087C782 /* MBLINK.app */,
				D069509556BFAFFC25586CC3 /* libMBLINKCore.a */,
			);
			name = Products;
			sourceTree = "<group>";
		};
/* End PBXGroup section */

/* Begin PBXNativeTarget section */
		C13732C8E715C9BEE4FA51C9 /* MBLINK */ = {
			isa = PBXNativeTarget;
			buildConfigurationList = A296CF4B7E708AB4E80076A9 /* Build configuration list for PBXNativeTarget "MBLINK" */;
			buildPhases = (
				971ED9D05B25DB6C4D7680D4 /* Sources */,
				78AE8C6BEB2A40A6D824CCEE /* Frameworks */,
				364863F9F2E558B0F50473FC /* Resources */,
			);
			buildRules = (
			);
			dependencies = (
				DE58E2B17C19600779694943 /* PBXTargetDependency */,
			);
			name = MBLINK;
			productName = MBLINK;
			productReference = 8BCD5BC4CDFDF0918087C782 /* MBLINK.app */;
			productType = "com.apple.product-type.application";
		};
		744DBEE4E0A69DC936004899 /* MBLINKCore */ = {
			isa = PBXNativeTarget;
			buildConfigurationList = 1D303251AE5A78ACD8D4DDB4 /* Build configuration list for PBXNativeTarget "MBLINKCore" */;
			buildPhases = (
				B0145090C14EEA62E4BF6060 /* Sources */,
				D4C0AF2E5997990815A7D5A1 /* Frameworks */,
			);
			buildRules = (
			);
			dependencies = (
				C0A110000000000000000007 /* PBXTargetDependency */,
			);
			name = MBLINKCore;
			productName = MBLINKCore;
			productReference = D069509556BFAFFC25586CC3 /* libMBLINKCore.a */;
			productType = "com.apple.product-type.library.static";
		};
/* End PBXNativeTarget section */

/* Begin PBXProject section */
		98F54143AB4E86B28C3AFEE0 /* Project object */ = {
			isa = PBXProject;
			attributes = {
				BuildIndependentTargetsInParallel = YES;
				LastSwiftUpdateCheck = 1600;
				LastUpgradeCheck = 1600;
				TargetAttributes = {
					C13732C8E715C9BEE4FA51C9 = {
						CreatedOnToolsVersion = 16.0;
					};
					744DBEE4E0A69DC936004899 = {
						CreatedOnToolsVersion = 16.0;
					};
				};
			};
			buildConfigurationList = 550FEBBE252641242DA80FDE /* Build configuration list for PBXProject "MBLINK" */;
			compatibilityVersion = "Xcode 14.0";
			developmentRegion = en;
			hasScannedForEncodings = 0;
			knownRegions = (
				en,
				Base,
			);
			mainGroup = E50290A24C49A459B43487C5;
			productRefGroup = 328EC33DF3954DC9B83FA285 /* Products */;
			projectDirPath = "";
			projectReferences = (
				{
					ProductGroup = C0A110000000000000000006 /* Products */;
					ProjectRef = C0A110000000000000000004 /* InfiltratrCommon.xcodeproj */;
				},
			);
			projectRoot = "";
			targets = (
				C13732C8E715C9BEE4FA51C9 /* MBLINK */,
				744DBEE4E0A69DC936004899 /* MBLINKCore */,
			);
		};
/* End PBXProject section */

/* Begin PBXReferenceProxy section */
		C0A110000000000000000005 /* libInfiltratrCommonPortable.a */ = {
			isa = PBXReferenceProxy;
			fileType = archive.ar;
			path = libInfiltratrCommonPortable.a;
			remoteRef = C0A110000000000000000002 /* PBXContainerItemProxy */;
			sourceTree = BUILT_PRODUCTS_DIR;
		};
/* End PBXReferenceProxy section */

/* Begin PBXResourcesBuildPhase section */
		364863F9F2E558B0F50473FC /* Resources */ = {
			isa = PBXResourcesBuildPhase;
			buildActionMask = 2147483647;
			files = (
				A1B2C3D4E5F60718293C0001 /* Assets.xcassets in Resources */,
			);
			runOnlyForDeploymentPostprocessing = 0;
		};
/* End PBXResourcesBuildPhase section */

/* Begin PBXSourcesBuildPhase section */
		971ED9D05B25DB6C4D7680D4 /* Sources */ = {
			isa = PBXSourcesBuildPhase;
			buildActionMask = 2147483647;
			files = (
				0225CCC3B437D6F9864CF259 /* MBLINKApp.swift in Sources */,
				D780005DFC91027166F8FFD4 /* ContentView.swift in Sources */,
				66B05F8E65443E6407074F75 /* ConnectionViewModel.swift in Sources */,
				C8E3DBC6EDB9C2C65A738DF5 /* BLETransport.m in Sources */,
				42DBCBEE84FEC92D06F02262 /* Diagnostics.m in Sources */,
			);
			runOnlyForDeploymentPostprocessing = 0;
		};
		B0145090C14EEA62E4BF6060 /* Sources */ = {
			isa = PBXSourcesBuildPhase;
			buildActionMask = 2147483647;
			files = (
				8A0FD079A23C3A8155E827F5 /* mblink.c in Sources */,
				E0A1B2C3D4E5F60718293B07 /* parameter.c in Sources */,
				E0A1B2C3D4E5F60718293B01 /* scheduler.c in Sources */,
				E0A1B2C3D4E5F60718293B02 /* telemetry_store.c in Sources */,
				E0A1B2C3D4E5F60718293B03 /* telemetry_csv.c in Sources */,
				E0A1B2C3D4E5F60718293B04 /* isotp.c in Sources */,
				E0A1B2C3D4E5F60718293B05 /* uds.c in Sources */,
				E0A1B2C3D4E5F60718293B06 /* mercedes.c in Sources */,
				E0A1B2C3D4E5F60718293B0B /* mercedes_probe.c in Sources */,
				06422F9F26875EF894020FA5 /* elm327.c in Sources */,
				E0A1B2C3D4E5F60718293B09 /* elm327_can.c in Sources */,
				9FC2D25D1FC0CFB4D57458CB /* session.c in Sources */,
				C3A42E37825A806839C66F16 /* probe.c in Sources */,
				B47CA2DF83F1AF99C4CFF1EC /* obd2.c in Sources */,
			);
			runOnlyForDeploymentPostprocessing = 0;
		};
/* End PBXSourcesBuildPhase section */

/* Begin PBXTargetDependency section */
		DE58E2B17C19600779694943 /* PBXTargetDependency */ = {
			isa = PBXTargetDependency;
			target = 744DBEE4E0A69DC936004899 /* MBLINKCore */;
			targetProxy = D799BAE6088A90139B415FCC /* PBXContainerItemProxy */;
		};
		C0A110000000000000000007 /* PBXTargetDependency */ = {
			isa = PBXTargetDependency;
			name = InfiltratrCommonPortable;
			targetProxy = C0A110000000000000000003 /* PBXContainerItemProxy */;
		};
/* End PBXTargetDependency section */

/* Begin XCBuildConfiguration section */
		D08DD63EED508AD30D0CB0B4 /* Debug */ = {
			isa = XCBuildConfiguration;
			buildSettings = {
				CLANG_ENABLE_MODULES = YES;
				CLANG_ENABLE_OBJC_ARC = YES;
				CLANG_WARN_DOCUMENTATION_COMMENTS = YES;
				CLANG_WARN_QUOTED_INCLUDE_IN_FRAMEWORK_HEADER = YES;
				GCC_C_LANGUAGE_STANDARD = c11;
				IPHONEOS_DEPLOYMENT_TARGET = 17.0;
				SDKROOT = iphoneos;
				SWIFT_VERSION = 5.0;
			};
			name = Debug;
		};
		811CB99F7A296F7846C18A7F /* Release */ = {
			isa = XCBuildConfiguration;
			buildSettings = {
				CLANG_ENABLE_MODULES = YES;
				CLANG_ENABLE_OBJC_ARC = YES;
				CLANG_WARN_DOCUMENTATION_COMMENTS = YES;
				CLANG_WARN_QUOTED_INCLUDE_IN_FRAMEWORK_HEADER = YES;
				GCC_C_LANGUAGE_STANDARD = c11;
				IPHONEOS_DEPLOYMENT_TARGET = 17.0;
				SDKROOT = iphoneos;
				SWIFT_COMPILATION_MODE = wholemodule;
				SWIFT_VERSION = 5.0;
			};
			name = Release;
		};
		5A485B880CD57FB1A6A04211 /* Debug */ = {
			isa = XCBuildConfiguration;
			buildSettings = {
				GCC_C_LANGUAGE_STANDARD = c11;
				GCC_PREPROCESSOR_DEFINITIONS = (
					"$(inherited)",
					"MBLINK_VERSION=\\\"$(MARKETING_VERSION)\\\"",
				);
				HEADER_SEARCH_PATHS = (
					"$(SRCROOT)/../../include",
					"$(SRCROOT)/../../src/infiltratr-common/include",
				);
				MARKETING_VERSION = 0.7.6;
				ONLY_ACTIVE_ARCH = YES;
				OTHER_CFLAGS = (
					"$(inherited)",
					-Wall,
					-Wextra,
					-Wpedantic,
					-Wshadow,
					"-Wformat=2",
					-Wstrict-prototypes,
					-Wmissing-prototypes,
					-Werror,
				);
				PRODUCT_NAME = "$(TARGET_NAME)";
				SKIP_INSTALL = YES;
				SUPPORTED_PLATFORMS = "iphoneos iphonesimulator";
			};
			name = Debug;
		};
		1BD3EC2284E1D1EAACF8A62F /* Release */ = {
			isa = XCBuildConfiguration;
			buildSettings = {
				GCC_C_LANGUAGE_STANDARD = c11;
				GCC_PREPROCESSOR_DEFINITIONS = (
					"$(inherited)",
					"MBLINK_VERSION=\\\"$(MARKETING_VERSION)\\\"",
				);
				HEADER_SEARCH_PATHS = (
					"$(SRCROOT)/../../include",
					"$(SRCROOT)/../../src/infiltratr-common/include",
				);
				MARKETING_VERSION = 0.7.6;
				OTHER_CFLAGS = (
					"$(inherited)",
					-Wall,
					-Wextra,
					-Wpedantic,
					-Wshadow,
					"-Wformat=2",
					-Wstrict-prototypes,
					-Wmissing-prototypes,
					-Werror,
				);
				PRODUCT_NAME = "$(TARGET_NAME)";
				SKIP_INSTALL = YES;
				SUPPORTED_PLATFORMS = "iphoneos iphonesimulator";
			};
			name = Release;
		};
		E9B2E96ABC5F6856F2BE79CF /* Debug */ = {
			isa = XCBuildConfiguration;
			buildSettings = {
				ASSETCATALOG_COMPILER_APPICON_NAME = AppIcon;
				ASSETCATALOG_COMPILER_GENERATE_SWIFT_ASSET_SYMBOL_EXTENSIONS = YES;
				CODE_SIGN_STYLE = Automatic;
				CURRENT_PROJECT_VERSION = 1;
				GCC_TREAT_WARNINGS_AS_ERRORS = YES;
				DEFINES_MODULE = YES;
				GENERATE_INFOPLIST_FILE = YES;
				HEADER_SEARCH_PATHS = (
					"$(SRCROOT)/../../include",
					"$(SRCROOT)/../../src/infiltratr-common/include",
					"$(SRCROOT)/../../platform/apple",
				);
				INFOPLIST_KEY_CFBundleDisplayName = MBLINK;
				INFOPLIST_KEY_NSHumanReadableCopyright = "Copyright © 2026 Shannon Smith";
				INFOPLIST_KEY_NSBluetoothAlwaysUsageDescription = "MBLINK uses Bluetooth to communicate with your OBD-II diagnostic adapter.";
				IPHONEOS_DEPLOYMENT_TARGET = 17.0;
				LD_RUNPATH_SEARCH_PATHS = (
					"$(inherited)",
					"@executable_path/Frameworks",
				);
				MARKETING_VERSION = 0.7.6;
				PRODUCT_BUNDLE_IDENTIFIER = "com.github.The-First-Infiltrator.MBLINK";
				PRODUCT_NAME = "$(TARGET_NAME)";
				SWIFT_OBJC_BRIDGING_HEADER = "MBLINK/MBLINK-Bridging-Header.h";
				SWIFT_TREAT_WARNINGS_AS_ERRORS = YES;
				SWIFT_VERSION = 5.0;
				SUPPORTS_MACCATALYST = NO;
				TARGETED_DEVICE_FAMILY = 1;
			};
			name = Debug;
		};
		5A8C91857F674E16E2724F47 /* Release */ = {
			isa = XCBuildConfiguration;
			buildSettings = {
				ASSETCATALOG_COMPILER_APPICON_NAME = AppIcon;
				ASSETCATALOG_COMPILER_GENERATE_SWIFT_ASSET_SYMBOL_EXTENSIONS = YES;
				CODE_SIGN_STYLE = Automatic;
				CURRENT_PROJECT_VERSION = 1;
				GCC_TREAT_WARNINGS_AS_ERRORS = YES;
				DEFINES_MODULE = YES;
				GENERATE_INFOPLIST_FILE = YES;
				HEADER_SEARCH_PATHS = (
					"$(SRCROOT)/../../include",
					"$(SRCROOT)/../../src/infiltratr-common/include",
					"$(SRCROOT)/../../platform/apple",
				);
				INFOPLIST_KEY_CFBundleDisplayName = MBLINK;
				INFOPLIST_KEY_NSHumanReadableCopyright = "Copyright © 2026 Shannon Smith";
				INFOPLIST_KEY_NSBluetoothAlwaysUsageDescription = "MBLINK uses Bluetooth to communicate with your OBD-II diagnostic adapter.";
				IPHONEOS_DEPLOYMENT_TARGET = 17.0;
				LD_RUNPATH_SEARCH_PATHS = (
					"$(inherited)",
					"@executable_path/Frameworks",
				);
				MARKETING_VERSION = 0.7.6;
				PRODUCT_BUNDLE_IDENTIFIER = "com.github.The-First-Infiltrator.MBLINK";
				PRODUCT_NAME = "$(TARGET_NAME)";
				SWIFT_OBJC_BRIDGING_HEADER = "MBLINK/MBLINK-Bridging-Header.h";
				SWIFT_TREAT_WARNINGS_AS_ERRORS = YES;
				SWIFT_VERSION = 5.0;
				SUPPORTS_MACCATALYST = NO;
				TARGETED_DEVICE_FAMILY = 1;
			};
			name = Release;
		};
/* End XCBuildConfiguration section */

/* Begin XCConfigurationList section */
		550FEBBE252641242DA80FDE /* Build configuration list for PBXProject "MBLINK" */ = {
			isa = XCConfigurationList;
			buildConfigurations = (
				D08DD63EED508AD30D0CB0B4 /* Debug */,
				811CB99F7A296F7846C18A7F /* Release */,
			);
			defaultConfigurationIsVisible = 0;
			defaultConfigurationName = Release;
		};
		A296CF4B7E708AB4E80076A9 /* Build configuration list for PBXNativeTarget "MBLINK" */ = {
			isa = XCConfigurationList;
			buildConfigurations = (
				E9B2E96ABC5F6856F2BE79CF /* Debug */,
				5A8C91857F674E16E2724F47 /* Release */,
			);
			defaultConfigurationIsVisible = 0;
			defaultConfigurationName = Release;
		};
		1D303251AE5A78ACD8D4DDB4 /* Build configuration list for PBXNativeTarget "MBLINKCore" */ = {
			isa = XCConfigurationList;
			buildConfigurations = (
				5A485B880CD57FB1A6A04211 /* Debug */,
				1BD3EC2284E1D1EAACF8A62F /* Release */,
			);
			defaultConfigurationIsVisible = 0;
			defaultConfigurationName = Release;
		};
/* End XCConfigurationList section */
	};
	rootObject = 98F54143AB4E86B28C3AFEE0 /* Project object */;
}
